
Microsoft Visual Studio Solution File, Format Version 12.00
# Visual Studio 15
VisualStudioVersion = 15.0.28010.2026
MinimumVisualStudioVersion = 10.0.40219.1
Project("{E24C65DC-7377-472B-9ABA-BC803B73C61A}") = "MultiAttributeColor", "MultiAttributeColor\", "{64D160E2-0242-47BB-8FF7-BC1E00615EE4}"
	ProjectSection(WebsiteProperties) = preProject
		TargetFrameworkMoniker = ".NETFramework,Version%3Dv4.6.1"
		Debug.AspNetCompiler.VirtualPath = "/localhost_60514"
		Debug.AspNetCompiler.PhysicalPath = "MultiAttributeColor\"
		Debug.AspNetCompiler.TargetPath = "PrecompiledWeb\localhost_60514\"
		Debug.AspNetCompiler.Updateable = "true"
		Debug.AspNetCompiler.ForceOverwrite = "true"
		Debug.AspNetCompiler.FixedNames = "false"
		Debug.AspNetCompiler.Debug = "True"
		Release.AspNetCompiler.VirtualPath = "/localhost_60514"
		Release.AspNetCompiler.PhysicalPath = "MultiAttributeColor\"
		Release.AspNetCompiler.TargetPath = "PrecompiledWeb\localhost_60514\"
		Release.AspNetCompiler.Updateable = "true"
		Release.AspNetCompiler.ForceOverwrite = "true"
		Release.AspNetCompiler.FixedNames = "false"
		Release.AspNetCompiler.Debug = "False"
		VWDPort = "60514"
		SlnRelativePath = "MultiAttributeColor\"
		DefaultWebSiteLanguage = "Visual C#"
	EndProjectSection
EndProject
Global
	GlobalSection(SolutionConfigurationPlatforms) = preSolution
		Debug|Any CPU = Debug|Any CPU
	EndGlobalSection
	GlobalSection(ProjectConfigurationPlatforms) = postSolution
		{64D160E2-0242-47BB-8FF7-BC1E00615EE4}.Debug|Any CPU.ActiveCfg = Debug|Any CPU
		{64D160E2-0242-47BB-8FF7-BC1E00615EE4}.Debug|Any CPU.Build.0 = Debug|Any CPU
	EndGlobalSection
	GlobalSection(SolutionProperties) = preSolution
		HideSolutionNode = FALSE
	EndGlobalSection
	GlobalSection(ExtensibilityGlobals) = postSolution
		SolutionGuid = {88EC42B9-599D-4998-9CBE-7EFE573315BC}
	EndGlobalSection
EndGlobal
